# THIS IS AN AUTOGENERATED FILE. DO NOT EDIT THIS FILE DIRECTLY.
# yarn lockfile v1


"@types/node@^18.11.17":
  version "18.16.18"
  resolved "https://registry.yarnpkg.com/@types/node/-/node-18.16.18.tgz#85da09bafb66d4bc14f7c899185336d0c1736390"
  integrity sha512-/aNaQZD0+iSBAGnvvN2Cx92HqE5sZCPZtx2TsK+4nvV23fFe09jVDvpArXr2j9DnYlzuU9WuoykDDc6wqvpNcw==

husky@^8.0.3:
  version "8.0.3"
  resolved "https://registry.yarnpkg.com/husky/-/husky-8.0.3.tgz#4936d7212e46d1dea28fef29bb3a108872cd9184"
  integrity sha512-+dQSyqPh4x1hlO1swXBiNb2HzTDN1I2IGLQx1GrBuiqFJfoMrnZWwVmatvSiO+Iz8fBUnf+lekwNo4c2LlXItg==

tslib@^2.5.0:
  version "2.6.0"
  resolved "https://registry.yarnpkg.com/tslib/-/tslib-2.6.0.tgz#b295854684dbda164e181d259a22cd779dcd7bc3"
  integrity sha512-7At1WUettjcSRHXCyYtTselblcHl9PJFFVKiCAy/bY97+BPZXSQ2wbq0P9s8tK2G7dFQfNnlJnPAiArVBVBsfA==

typescript@^5.0.4:
  version "5.1.5"
  resolved "https://registry.yarnpkg.com/typescript/-/typescript-5.1.5.tgz#a3ae755082488b6046fe64345d293ef26af08671"
  integrity sha512-FOH+WN/DQjUvN6WgW+c4Ml3yi0PH+a/8q+kNIfRehv1wLhWONedw85iu+vQ39Wp49IzTJEsZ2lyLXpBF7mkF1g==

zod@^3.21.4:
  version "3.21.4"
  resolved "https://registry.yarnpkg.com/zod/-/zod-3.21.4.tgz#10882231d992519f0a10b5dd58a38c9dabbb64db"
  integrity sha512-m46AKbrzKVzOzs/DZgVnG5H55N1sv1M8qZU3A8RIKbs3mrACDNeIOeilDymVb2HdmP8uwshOCF4uJ8uM9rCqJw==
